
Microsoft Visual Studio Solution File, Format Version 12.00
# Visual Studio 15
VisualStudioVersion = 15.0.27130.2036
MinimumVisualStudioVersion = 10.0.40219.1
Project("{2150E333-8FDC-42A3-9474-1A3956D46DE8}") = "web", "web", "{7AC40D57-018F-4279-815D-632A01A168BE}"
EndProject
Project("{FAE04EC0-301F-11D3-BF4B-00C04F79EFBC}") = "RegistroNotas", "RegistroNotas\RegistroNotas.csproj", "{32772553-7204-432B-A6D9-F0AFCE0B771A}"
EndProject
Global
	GlobalSection(SolutionConfigurationPlatforms) = preSolution
		Debug|Any CPU = Debug|Any CPU
		Release|Any CPU = Release|Any CPU
	EndGlobalSection
	GlobalSection(ProjectConfigurationPlatforms) = postSolution
		{32772553-7204-432B-A6D9-F0AFCE0B771A}.Debug|Any CPU.ActiveCfg = Debug|Any CPU
		{32772553-7204-432B-A6D9-F0AFCE0B771A}.Debug|Any CPU.Build.0 = Debug|Any CPU
		{32772553-7204-432B-A6D9-F0AFCE0B771A}.Release|Any CPU.ActiveCfg = Release|Any CPU
		{32772553-7204-432B-A6D9-F0AFCE0B771A}.Release|Any CPU.Build.0 = Release|Any CPU
	EndGlobalSection
	GlobalSection(SolutionProperties) = preSolution
		HideSolutionNode = FALSE
	EndGlobalSection
	GlobalSection(NestedProjects) = preSolution
		{32772553-7204-432B-A6D9-F0AFCE0B771A} = {7AC40D57-018F-4279-815D-632A01A168BE}
	EndGlobalSection
	GlobalSection(ExtensibilityGlobals) = postSolution
		SolutionGuid = {BF5646CF-80BC-43D2-8BD3-0DCF23292F0C}
	EndGlobalSection
EndGlobal
